<?xml version="1.0" encoding="utf-8"?>
<Project ToolsVersion="4.0" xmlns="http://schemas.microsoft.com/developer/msbuild/2003">
  <ItemGroup>
    <Filter Include="Source Files">
      <UniqueIdentifier>{4FC737F1-C7A5-4376-A066-2A32D752A2FF}</UniqueIdentifier>
      <Extensions>cpp;c;cc;cxx;def;odl;idl;hpj;bat;asm;asmx</Extensions>
    </Filter>
    <Filter Include="Header Files">
      <UniqueIdentifier>{93995380-89BD-4b04-88EB-625FBE52EBFB}</UniqueIdentifier>
      <Extensions>h;hh;hpp;hxx;hm;inl;inc;xsd</Extensions>
    </Filter>
    <Filter Include="Resource Files">
      <UniqueIdentifier>{67DA6AB6-F800-4c08-8B7A-83BB121AAD01}</UniqueIdentifier>
      <Extensions>rc;ico;cur;bmp;dlg;rc2;rct;bin;rgs;gif;jpg;jpeg;jpe;resx;tiff;tif;png;wav;mfcribbon-ms</Extensions>
    </Filter>
    <Filter Include="Header Files\debug">
      <UniqueIdentifier>{bbe22647-22a4-42d6-a734-e8dee339ac8e}</UniqueIdentifier>
    </Filter>
    <Filter Include="Header Files\painter">
      <UniqueIdentifier>{64aaf4b4-7346-4f5a-9afa-7467dc6887ee}</UniqueIdentifier>
    </Filter>
    <Filter Include="Header Files\painter\lodepng">
      <UniqueIdentifier>{7095e59f-d505-4137-a10b-0a4d6fc0e453}</UniqueIdentifier>
    </Filter>
  </ItemGroup>
  <ItemGroup>
    <ClCompile Include="main.cpp">
      <Filter>Source Files</Filter>
    </ClCompile>
    <ClCompile Include="utility.cpp">
      <Filter>Source Files</Filter>
    </ClCompile>
    <ClCompile Include="mapgenerator.cpp">
      <Filter>Source Files</Filter>
    </ClCompile>
    <ClCompile Include="lodepng.cpp">
      <Filter>Header Files\painter\lodepng</Filter>
    </ClCompile>
    <ClCompile Include="painter.cpp">
      <Filter>Source Files</Filter>
    </ClCompile>
  </ItemGroup>
  <ItemGroup>
    <ClInclude Include="debug.h">
      <Filter>Header Files\debug</Filter>
    </ClInclude>
    <ClInclude Include="debug_info.h">
      <Filter>Header Files\debug</Filter>
    </ClInclude>
    <ClInclude Include="elpp.h">
      <Filter>Header Files\debug</Filter>
    </ClInclude>
    <ClInclude Include="utility.h">
      <Filter>Header Files</Filter>
    </ClInclude>
    <ClInclude Include="constants.h">
      <Filter>Header Files</Filter>
    </ClInclude>
    <ClInclude Include="painter.h">
      <Filter>Header Files\painter</Filter>
    </ClInclude>
    <ClInclude Include="boostgeometry.h">
      <Filter>Header Files</Filter>
    </ClInclude>
    <ClInclude Include="mapgenerator.h">
      <Filter>Header Files</Filter>
    </ClInclude>
    <ClInclude Include="linesegment2dbatch.h">
      <Filter>Header Files\painter</Filter>
    </ClInclude>
    <ClInclude Include="triangle2dbatch.h">
      <Filter>Header Files\painter</Filter>
    </ClInclude>
    <ClInclude Include="batches.h">
      <Filter>Header Files\painter</Filter>
    </ClInclude>
    <ClInclude Include="darray.h">
      <Filter>Header Files</Filter>
    </ClInclude>
    <ClInclude Include="lodepng.h">
      <Filter>Header Files\painter\lodepng</Filter>
    </ClInclude>
    <ClInclude Include="text2dbatch.h">
      <Filter>Header Files\painter</Filter>
    </ClInclude>
    <ClInclude Include="shaderprogram.h">
      <Filter>Header Files\painter</Filter>
    </ClInclude>
    <ClInclude Include="linhash2.h">
      <Filter>Header Files</Filter>
    </ClInclude>
  </ItemGroup>
</Project>